
Microsoft Visual Studio Solution File, Format Version 12.00
# Visual Studio Version 16
VisualStudioVersion = 16.0.31424.327
MinimumVisualStudioVersion = 10.0.40219.1
Project("{FAE04EC0-301F-11D3-BF4B-00C04F79EFBC}") = "BTArchiver", "BTArchiver.csproj", "{C6CACB35-0A00-4E23-A943-C7D36C9248F6}"
EndProject
Global
	GlobalSection(SolutionConfigurationPlatforms) = preSolution
		Debug|Any CPU = Debug|Any CPU
		Release|Any CPU = Release|Any CPU
	EndGlobalSection
	GlobalSection(ProjectConfigurationPlatforms) = postSolution
		{C6CACB35-0A00-4E23-A943-C7D36C9248F6}.Debug|Any CPU.ActiveCfg = Debug|Any CPU
		{C6CACB35-0A00-4E23-A943-C7D36C9248F6}.Debug|Any CPU.Build.0 = Debug|Any CPU
		{C6CACB35-0A00-4E23-A943-C7D36C9248F6}.Release|Any CPU.ActiveCfg = Release|Any CPU
		{C6CACB35-0A00-4E23-A943-C7D36C9248F6}.Release|Any CPU.Build.0 = Release|Any CPU
	EndGlobalSection
	GlobalSection(SolutionProperties) = preSolution
		HideSolutionNode = FALSE
	EndGlobalSection
	GlobalSection(ExtensibilityGlobals) = postSolution
		SolutionGuid = {57570A50-BCCA-4FC6-B5A8-FFC1C8A1CCF8}
	EndGlobalSection
EndGlobal
